
Microsoft Visual Studio Solution File, Format Version 12.00
# Visual Studio Version 16
VisualStudioVersion = 16.0.30804.86
MinimumVisualStudioVersion = 10.0.40219.1
Project("{FAE04EC0-301F-11D3-BF4B-00C04F79EFBC}") = "PayrollCalculation.Api", "PayrollCalculation.Api\PayrollCalculation.Api.csproj", "{AEBAE47C-E106-43A8-9630-DEFE491BC604}"
EndProject
Global
	GlobalSection(SolutionConfigurationPlatforms) = preSolution
		Debug|Any CPU = Debug|Any CPU
		Release|Any CPU = Release|Any CPU
	EndGlobalSection
	GlobalSection(ProjectConfigurationPlatforms) = postSolution
		{AEBAE47C-E106-43A8-9630-DEFE491BC604}.Debug|Any CPU.ActiveCfg = Debug|Any CPU
		{AEBAE47C-E106-43A8-9630-DEFE491BC604}.Debug|Any CPU.Build.0 = Debug|Any CPU
		{AEBAE47C-E106-43A8-9630-DEFE491BC604}.Release|Any CPU.ActiveCfg = Release|Any CPU
		{AEBAE47C-E106-43A8-9630-DEFE491BC604}.Release|Any CPU.Build.0 = Release|Any CPU
	EndGlobalSection
	GlobalSection(SolutionProperties) = preSolution
		HideSolutionNode = FALSE
	EndGlobalSection
	GlobalSection(ExtensibilityGlobals) = postSolution
		SolutionGuid = {8A881428-C1B7-4F6A-8926-A145C10EBB8B}
	EndGlobalSection
EndGlobal
